
Microsoft Visual Studio Solution File, Format Version 12.00
# Visual Studio 15
VisualStudioVersion = 15.0.26403.7
MinimumVisualStudioVersion = 10.0.40219.1
Project("{FAE04EC0-301F-11D3-BF4B-00C04F79EFBC}") = "TPW_GM1", "TPW_GM1\TPW_GM1.csproj", "{0428C0DC-8E36-491C-B231-A2345D28C32A}"
EndProject
Project("{FAE04EC0-301F-11D3-BF4B-00C04F79EFBC}") = "TPW.DataAccess", "TPW.Domain\TPW.DataAccess.csproj", "{D8E695C1-3790-4802-9963-5918DB9EEC26}"
EndProject
Project("{FAE04EC0-301F-11D3-BF4B-00C04F79EFBC}") = "TPW_Domain", "TPW_Domain\TPW_Domain.csproj", "{E30F3C5B-DE8A-452A-B2CD-B42FFC3DF386}"
EndProject
Global
	GlobalSection(SolutionConfigurationPlatforms) = preSolution
		Debug|Any CPU = Debug|Any CPU
		Release|Any CPU = Release|Any CPU
	EndGlobalSection
	GlobalSection(ProjectConfigurationPlatforms) = postSolution
		{0428C0DC-8E36-491C-B231-A2345D28C32A}.Debug|Any CPU.ActiveCfg = Debug|Any CPU
		{0428C0DC-8E36-491C-B231-A2345D28C32A}.Debug|Any CPU.Build.0 = Debug|Any CPU
		{0428C0DC-8E36-491C-B231-A2345D28C32A}.Release|Any CPU.ActiveCfg = Release|Any CPU
		{0428C0DC-8E36-491C-B231-A2345D28C32A}.Release|Any CPU.Build.0 = Release|Any CPU
		{D8E695C1-3790-4802-9963-5918DB9EEC26}.Debug|Any CPU.ActiveCfg = Debug|Any CPU
		{D8E695C1-3790-4802-9963-5918DB9EEC26}.Debug|Any CPU.Build.0 = Debug|Any CPU
		{D8E695C1-3790-4802-9963-5918DB9EEC26}.Release|Any CPU.ActiveCfg = Release|Any CPU
		{D8E695C1-3790-4802-9963-5918DB9EEC26}.Release|Any CPU.Build.0 = Release|Any CPU
		{E30F3C5B-DE8A-452A-B2CD-B42FFC3DF386}.Debug|Any CPU.ActiveCfg = Debug|Any CPU
		{E30F3C5B-DE8A-452A-B2CD-B42FFC3DF386}.Debug|Any CPU.Build.0 = Debug|Any CPU
		{E30F3C5B-DE8A-452A-B2CD-B42FFC3DF386}.Release|Any CPU.ActiveCfg = Release|Any CPU
		{E30F3C5B-DE8A-452A-B2CD-B42FFC3DF386}.Release|Any CPU.Build.0 = Release|Any CPU
	EndGlobalSection
	GlobalSection(SolutionProperties) = preSolution
		HideSolutionNode = FALSE
	EndGlobalSection
EndGlobal
